{
  "nodes": {
    "flake-utils": {
      "inputs": {
        "systems": "systems"
      },
      "locked": {
        "lastModified": 1731533236,
        "narHash": "sha256-l0KFg5HjrsfsO/JpG+r7fRrqm12kzFHyUHqHCVpMMbI=",
        "owner": "numtide",
        "repo": "flake-utils",
        "rev": "11707dc2f618dd54ca8739b309ec4fc024de578b",
        "type": "github"
      },
      "original": {
        "owner": "numtide",
        "repo": "flake-utils",
        "type": "github"
      }
    },
    "flake-utils_2": {
      "locked": {
        "lastModified": 1644229661,
        "narHash": "sha256-1YdnJAsNy69bpcjuoKdOYQX0YxZBiCYZo4Twxerqv7k=",
        "owner": "numtide",
        "repo": "flake-utils",
        "rev": "3cecb5b042f7f209c56ffd8371b2711a290ec797",
        "type": "github"
      },
      "original": {
        "owner": "numtide",
        "repo": "flake-utils",
        "type": "github"
      }
    },
    "flake-utils_3": {
      "inputs": {
        "systems": "systems_2"
      },
      "locked": {
        "lastModified": 1731533236,
        "narHash": "sha256-l0KFg5HjrsfsO/JpG+r7fRrqm12kzFHyUHqHCVpMMbI=",
        "owner": "numtide",
        "repo": "flake-utils",
        "rev": "11707dc2f618dd54ca8739b309ec4fc024de578b",
        "type": "github"
      },
      "original": {
        "owner": "numtide",
        "repo": "flake-utils",
        "type": "github"
      }
    },
    "flake-utils_4": {
      "inputs": {
        "systems": "systems_3"
      },
      "locked": {
        "lastModified": 1731533236,
        "narHash": "sha256-l0KFg5HjrsfsO/JpG+r7fRrqm12kzFHyUHqHCVpMMbI=",
        "owner": "numtide",
        "repo": "flake-utils",
        "rev": "11707dc2f618dd54ca8739b309ec4fc024de578b",
        "type": "github"
      },
      "original": {
        "owner": "numtide",
        "repo": "flake-utils",
        "type": "github"
      }
    },
    "foundry": {
      "inputs": {
        "flake-utils": "flake-utils_2",
        "nixpkgs": "nixpkgs"
      },
      "locked": {
        "lastModified": 1787834231,
        "narHash": "sha256-2X16fN53tx1HCQpd9NFXogrxlpZ/2b+lbZ8mUR0AAXo=",
        "owner": "shazow",
        "repo": "foundry.nix",
        "rev": "6406ab52f559a8686fd95a71c53f2b5410eb1412",
        "type": "github"
      },
      "original": {
        "owner": "shazow",
        "ref": "stable",
        "repo": "foundry.nix",
        "type": "github"
      }
    },
    "natlint": {
      "inputs": {
        "flake-utils": "flake-utils_3",
        "nixpkgs": [
          "nixpkgs"
        ],
        "rust-overlay": "rust-overlay"
      },
      "locked": {
        "lastModified": 1769412456,
        "narHash": "sha256-vlwJL3I4ctGjWZExpslwPHKFZc3rsIe8kd6FiWqg8R4=",
        "owner": "srdtrk",
        "repo": "natlint",
        "rev": "94f472f15c25c18091b8532cfa660f46379e2a02",
        "type": "github"
      },
      "original": {
        "owner": "srdtrk",
        "repo": "natlint",
        "type": "github"
      }
    },
    "nixpkgs": {
      "locked": {
        "lastModified": 1666753130,
        "narHash": "sha256-Wff1dGPFSneXJLI2c0kkdWTgxnQ416KE6X4KnFkgPYQ=",
        "owner": "NixOS",
        "repo": "nixpkgs",
        "rev": "f540aeda6f677354f1e7144ab04352f61aaa0118",
        "type": "github"
      },
      "original": {
        "id": "nixpkgs",
        "type": "indirect"
      }
    },
    "nixpkgs_2": {
      "locked": {
        "lastModified": 1744536153,
        "narHash": "sha256-awS2zRgF4uTwrOKwwiJcByDzDOdo3Q1rPZbiHQg/N38=",
        "owner": "NixOS",
        "repo": "nixpkgs",
        "rev": "18dd725c29603f582cf1900e0d25f9f1063dbf11",
        "type": "github"
      },
      "original": {
        "owner": "NixOS",
        "ref": "nixpkgs-unstable",
        "repo": "nixpkgs",
        "type": "github"
      }
    },
    "nixpkgs_3": {
      "locked": {
        "lastModified": 1787498568,
        "narHash": "sha256-9i/VTdusq/+NM/tz+J1Re+ojkMB8MBf0QshnYfzHz30=",
        "owner": "nixos",
        "repo": "nixpkgs",
        "rev": "56c02bc00adcf003215cc4bd996d6efaf4cff188",
        "type": "github"
      },
      "original": {
        "owner": "nixos",
        "ref": "nixos-unstable",
        "repo": "nixpkgs",
        "type": "github"
      }
    },
    "nixpkgs_4": {
      "locked": {
        "lastModified": 1744536153,
        "narHash": "sha256-awS2zRgF4uTwrOKwwiJcByDzDOdo3Q1rPZbiHQg/N38=",
        "owner": "NixOS",
        "repo": "nixpkgs",
        "rev": "18dd725c29603f582cf1900e0d25f9f1063dbf11",
        "type": "github"
      },
      "original": {
        "owner": "NixOS",
        "ref": "nixpkgs-unstable",
        "repo": "nixpkgs",
        "type": "github"
      }
    },
    "root": {
      "inputs": {
        "flake-utils": "flake-utils",
        "foundry": "foundry",
        "natlint": "natlint",
        "nixpkgs": "nixpkgs_3",
        "rust-overlay": "rust-overlay_2",
        "solc": "solc",
        "sp1": "sp1"
      }
    },
    "rust-overlay": {
      "inputs": {
        "nixpkgs": "nixpkgs_2"
      },
      "locked": {
        "lastModified": 1748140821,
        "narHash": "sha256-GZcjWLQtDifSYMd1ueLDmuVTcQQdD5mONIBTqABooOk=",
        "owner": "oxalica",
        "repo": "rust-overlay",
        "rev": "476b2ba7dc99ddbf70b1f45357dbbdbdbdfb4422",
        "type": "github"
      },
      "original": {
        "owner": "oxalica",
        "repo": "rust-overlay",
        "type": "github"
      }
    },
    "rust-overlay_2": {
      "inputs": {
        "nixpkgs": "nixpkgs_4"
      },
      "locked": {
        "lastModified": 1787834454,
        "narHash": "sha256-jXSvqn04IOecJCvSvl8+g3PsbDVNP6qKs6dKUs/b16k=",
        "owner": "oxalica",
        "repo": "rust-overlay",
        "rev": "dc2fd1acc537f3583744e1373597a5731ff7a6e3",
        "type": "github"
      },
      "original": {
        "owner": "oxalica",
        "repo": "rust-overlay",
        "type": "github"
      }
    },
    "solc": {
      "inputs": {
        "flake-utils": "flake-utils_4",
        "nixpkgs": [
          "nixpkgs"
        ],
        "solc-macos-amd64-list-json": "solc-macos-amd64-list-json"
      },
      "locked": {
        "lastModified": 1786461652,
        "narHash": "sha256-+ClEiyzReHNF93b8TZMt5QePhjTraXnO9eukkl3Flec=",
        "owner": "hellwolf",
        "repo": "solc.nix",
        "rev": "9b3df77eb12b9716f4783b802b4332bfbfa5b4f7",
        "type": "github"
      },
      "original": {
        "owner": "hellwolf",
        "repo": "solc.nix",
        "type": "github"
      }
    },
    "solc-macos-amd64-list-json": {
      "flake": false,
      "locked": {
        "narHash": "sha256-Vfa5XmxKcrBfMdJX3nWo+s0YixtdZND6l4llwNp+Xl0=",
        "type": "file",
        "url": "https://github.com/argotorg/solc-bin/raw/97e2659/macosx-amd64/list.json"
      },
      "original": {
        "type": "file",
        "url": "https://github.com/argotorg/solc-bin/raw/97e2659/macosx-amd64/list.json"
      }
    },
    "sp1": {
      "inputs": {
        "nixpkgs": [
          "nixpkgs"
        ],
        "systems": "systems_4"
      },
      "locked": {
        "lastModified": 1776216887,
        "narHash": "sha256-fKhIDJGcF65BRvXqbgE37R6NC7Rq4HEDdPrlcVficCI=",
        "owner": "vaporif",
        "repo": "sp1-overlay",
        "rev": "c44b833515c90f80965f03f9ed09c6b3be28f1d5",
        "type": "github"
      },
      "original": {
        "owner": "vaporif",
        "repo": "sp1-overlay",
        "type": "github"
      }
    },
    "systems": {
      "locked": {
        "lastModified": 1681028828,
        "narHash": "sha256-Vy1rq5AaRuLzOxct8nz4T6wlgyUR7zLU309k9mBC768=",
        "owner": "nix-systems",
        "repo": "default",
        "rev": "da67096a3b9bf56a91d16901293e51ba5b49a27e",
        "type": "github"
      },
      "original": {
        "owner": "nix-systems",
        "repo": "default",
        "type": "github"
      }
    },
    "systems_2": {
      "locked": {
        "lastModified": 1681028828,
        "narHash": "sha256-Vy1rq5AaRuLzOxct8nz4T6wlgyUR7zLU309k9mBC768=",
        "owner": "nix-systems",
        "repo": "default",
        "rev": "da67096a3b9bf56a91d16901293e51ba5b49a27e",
        "type": "github"
      },
      "original": {
        "owner": "nix-systems",
        "repo": "default",
        "type": "github"
      }
    },
    "systems_3": {
      "locked": {
        "lastModified": 1681028828,
        "narHash": "sha256-Vy1rq5AaRuLzOxct8nz4T6wlgyUR7zLU309k9mBC768=",
        "owner": "nix-systems",
        "repo": "default",
        "rev": "da67096a3b9bf56a91d16901293e51ba5b49a27e",
        "type": "github"
      },
      "original": {
        "owner": "nix-systems",
        "repo": "default",
        "type": "github"
      }
    },
    "systems_4": {
      "locked": {
        "lastModified": 1681028828,
        "narHash": "sha256-Vy1rq5AaRuLzOxct8nz4T6wlgyUR7zLU309k9mBC768=",
        "owner": "nix-systems",
        "repo": "default",
        "rev": "da67096a3b9bf56a91d16901293e51ba5b49a27e",
        "type": "github"
      },
      "original": {
        "owner": "nix-systems",
        "repo": "default",
        "type": "github"
      }
    }
  },
  "root": "root",
  "version": 7
}
